// !$*UTF8*$!
{
	archiveVersion = 1;
	classes = {
	};
	objectVersion = 56;
	objects = {

/* Begin PBXBuildFile section */
		5813CA272ABB53E600C0E6C1 /* RegistrationVCViewController.swift in Sources */ = {isa = PBXBuildFile; fileRef = 5813CA252ABB53E600C0E6C1 /* RegistrationVCViewController.swift */; };
		5813CA282ABB53E600C0E6C1 /* RegistrationVCViewController.xib in Resources */ = {isa = PBXBuildFile; fileRef = 5813CA262ABB53E600C0E6C1 /* RegistrationVCViewController.xib */; };
		587F89362AA280C70097C17B /* MainViewController.swift in Sources */ = {isa = PBXBuildFile; fileRef = 587F89342AA280C70097C17B /* MainViewController.swift */; };
		587F89372AA280C70097C17B /* MainViewController.xib in Resources */ = {isa = PBXBuildFile; fileRef = 587F89352AA280C70097C17B /* MainViewController.xib */; };
		588560B22ACF601100D17568 /* UserData.swift in Sources */ = {isa = PBXBuildFile; fileRef = 588560B12ACF601100D17568 /* UserData.swift */; };
		588560B52ACF663F00D17568 /* Alamofire in Frameworks */ = {isa = PBXBuildFile; productRef = 588560B42ACF663F00D17568 /* Alamofire */; };
		588560B72ACF716F00D17568 /* GetJSON.swift in Sources */ = {isa = PBXBuildFile; fileRef = 588560B62ACF716F00D17568 /* GetJSON.swift */; };
		5891FE1E2AB0CCED00E77215 /* libraryViewModel.swift in Sources */ = {isa = PBXBuildFile; fileRef = 5891FE1D2AB0CCED00E77215 /* libraryViewModel.swift */; };
		5891FE1F2AB0E47200E77215 /* ChoiseViewController.swift in Sources */ = {isa = PBXBuildFile; fileRef = 58A719B42AACFE1000A7C29E /* ChoiseViewController.swift */; };
		589CCA592A702F5A00EDB1D5 /* AppDelegate.swift in Sources */ = {isa = PBXBuildFile; fileRef = 589CCA582A702F5A00EDB1D5 /* AppDelegate.swift */; };
		589CCA5B2A702F5A00EDB1D5 /* SceneDelegate.swift in Sources */ = {isa = PBXBuildFile; fileRef = 589CCA5A2A702F5A00EDB1D5 /* SceneDelegate.swift */; };
		589CCA602A702F5A00EDB1D5 /* Main.storyboard in Resources */ = {isa = PBXBuildFile; fileRef = 589CCA5E2A702F5A00EDB1D5 /* Main.storyboard */; };
		589CCA622A702F5C00EDB1D5 /* Assets.xcassets in Resources */ = {isa = PBXBuildFile; fileRef = 589CCA612A702F5C00EDB1D5 /* Assets.xcassets */; };
		589CCA652A702F5C00EDB1D5 /* LaunchScreen.storyboard in Resources */ = {isa = PBXBuildFile; fileRef = 589CCA632A702F5C00EDB1D5 /* LaunchScreen.storyboard */; };
		58A6F9EB2ACAFD2C0082BA36 /* GoogleService-Info.plist in Resources */ = {isa = PBXBuildFile; fileRef = 58A6F9EA2ACAFD2C0082BA36 /* GoogleService-Info.plist */; };
		58A6F9EE2ACAFE620082BA36 /* FirebaseAuth in Frameworks */ = {isa = PBXBuildFile; productRef = 58A6F9ED2ACAFE620082BA36 /* FirebaseAuth */; };
		58A6F9F12ACB017B0082BA36 /* LoginViewController.swift in Sources */ = {isa = PBXBuildFile; fileRef = 58A6F9EF2ACB017B0082BA36 /* LoginViewController.swift */; };
		58A6F9F22ACB017B0082BA36 /* LoginViewController.xib in Resources */ = {isa = PBXBuildFile; fileRef = 58A6F9F02ACB017B0082BA36 /* LoginViewController.xib */; };
		58A719AF2AACFDD200A7C29E /*  LibraryViewController.swift in Sources */ = {isa = PBXBuildFile; fileRef = 58A719AE2AACFDD200A7C29E /*  LibraryViewController.swift */; };
		58A719B12AACFDF200A7C29E /* PhotoCell.swift in Sources */ = {isa = PBXBuildFile; fileRef = 58A719B02AACFDF200A7C29E /* PhotoCell.swift */; };
		58AA0C4E2ABCA38400BE1219 /* CollectionViewCell.swift in Sources */ = {isa = PBXBuildFile; fileRef = 58AA0C4C2ABCA38400BE1219 /* CollectionViewCell.swift */; };
		58AA0C4F2ABCA38400BE1219 /* CollectionViewCell.xib in Resources */ = {isa = PBXBuildFile; fileRef = 58AA0C4D2ABCA38400BE1219 /* CollectionViewCell.xib */; };
		58B8AF5F2AC35DF300E6F2BF /* API File.swift in Sources */ = {isa = PBXBuildFile; fileRef = 58B8AF5E2AC35DF300E6F2BF /* API File.swift */; };
		58DD56522ACDCE5600367ED1 /* Book.swift in Sources */ = {isa = PBXBuildFile; fileRef = 58DD56512ACDCE5600367ED1 /* Book.swift */; };
/* End PBXBuildFile section */

/* Begin PBXFileReference section */
		5813CA252ABB53E600C0E6C1 /* RegistrationVCViewController.swift */ = {isa = PBXFileReference; lastKnownFileType = sourcecode.swift; path = RegistrationVCViewController.swift; sourceTree = "<group>"; };
		5813CA262ABB53E600C0E6C1 /* RegistrationVCViewController.xib */ = {isa = PBXFileReference; lastKnownFileType = file.xib; path = RegistrationVCViewController.xib; sourceTree = "<group>"; };
		587F89342AA280C70097C17B /* MainViewController.swift */ = {isa = PBXFileReference; lastKnownFileType = sourcecode.swift; path = MainViewController.swift; sourceTree = "<group>"; };
		587F89352AA280C70097C17B /* MainViewController.xib */ = {isa = PBXFileReference; lastKnownFileType = file.xib; path = MainViewController.xib; sourceTree = "<group>"; };
		588560B12ACF601100D17568 /* UserData.swift */ = {isa = PBXFileReference; lastKnownFileType = sourcecode.swift; path = UserData.swift; sourceTree = "<group>"; };
		588560B62ACF716F00D17568 /* GetJSON.swift */ = {isa = PBXFileReference; lastKnownFileType = sourcecode.swift; path = GetJSON.swift; sourceTree = "<group>"; };
		5891FE1D2AB0CCED00E77215 /* libraryViewModel.swift */ = {isa = PBXFileReference; lastKnownFileType = sourcecode.swift; path = libraryViewModel.swift; sourceTree = "<group>"; };
		589CCA552A702F5A00EDB1D5 /* Post.app */ = {isa = PBXFileReference; explicitFileType = wrapper.application; includeInIndex = 0; path = Post.app; sourceTree = BUILT_PRODUCTS_DIR; };
		589CCA582A702F5A00EDB1D5 /* AppDelegate.swift */ = {isa = PBXFileReference; lastKnownFileType = sourcecode.swift; path = AppDelegate.swift; sourceTree = "<group>"; };
		589CCA5A2A702F5A00EDB1D5 /* SceneDelegate.swift */ = {isa = PBXFileReference; lastKnownFileType = sourcecode.swift; path = SceneDelegate.swift; sourceTree = "<group>"; };
		589CCA5F2A702F5A00EDB1D5 /* Base */ = {isa = PBXFileReference; lastKnownFileType = file.storyboard; name = Base; path = Base.lproj/Main.storyboard; sourceTree = "<group>"; };
		589CCA612A702F5C00EDB1D5 /* Assets.xcassets */ = {isa = PBXFileReference; lastKnownFileType = folder.assetcatalog; path = Assets.xcassets; sourceTree = "<group>"; };
		589CCA642A702F5C00EDB1D5 /* Base */ = {isa = PBXFileReference; lastKnownFileType = file.storyboard; name = Base; path = Base.lproj/LaunchScreen.storyboard; sourceTree = "<group>"; };
		589CCA662A702F5C00EDB1D5 /* Info.plist */ = {isa = PBXFileReference; lastKnownFileType = text.plist.xml; path = Info.plist; sourceTree = "<group>"; };
		58A6F9EA2ACAFD2C0082BA36 /* GoogleService-Info.plist */ = {isa = PBXFileReference; fileEncoding = 4; lastKnownFileType = text.plist.xml; name = "GoogleService-Info.plist"; path = "../../../Downloads/GoogleService-Info.plist"; sourceTree = "<group>"; };
		58A6F9EF2ACB017B0082BA36 /* LoginViewController.swift */ = {isa = PBXFileReference; lastKnownFileType = sourcecode.swift; path = LoginViewController.swift; sourceTree = "<group>"; };
		58A6F9F02ACB017B0082BA36 /* LoginViewController.xib */ = {isa = PBXFileReference; lastKnownFileType = file.xib; path = LoginViewController.xib; sourceTree = "<group>"; };
		58A719AA2AACFD5200A7C29E /* en */ = {isa = PBXFileReference; lastKnownFileType = text.plist.strings; name = en; path = en.lproj/Main.strings; sourceTree = "<group>"; };
		58A719AE2AACFDD200A7C29E /*  LibraryViewController.swift */ = {isa = PBXFileReference; fileEncoding = 4; lastKnownFileType = sourcecode.swift; name = " LibraryViewController.swift"; path = "Photo/ LibraryViewController.swift"; sourceTree = "<group>"; };
		58A719B02AACFDF200A7C29E /* PhotoCell.swift */ = {isa = PBXFileReference; lastKnownFileType = sourcecode.swift; path = PhotoCell.swift; sourceTree = "<group>"; };
		58A719B32AACFE1000A7C29E /* ChoiseViewController.storyboard */ = {isa = PBXFileReference; lastKnownFileType = file.storyboard; path = ChoiseViewController.storyboard; sourceTree = "<group>"; };
		58A719B42AACFE1000A7C29E /* ChoiseViewController.swift */ = {isa = PBXFileReference; lastKnownFileType = sourcecode.swift; path = ChoiseViewController.swift; sourceTree = "<group>"; };
		58AA0C4C2ABCA38400BE1219 /* CollectionViewCell.swift */ = {isa = PBXFileReference; lastKnownFileType = sourcecode.swift; path = CollectionViewCell.swift; sourceTree = "<group>"; };
		58AA0C4D2ABCA38400BE1219 /* CollectionViewCell.xib */ = {isa = PBXFileReference; lastKnownFileType = file.xib; path = CollectionViewCell.xib; sourceTree = "<group>"; };
		58B8AF5E2AC35DF300E6F2BF /* API File.swift */ = {isa = PBXFileReference; lastKnownFileType = sourcecode.swift; path = "API File.swift"; sourceTree = "<group>"; };
		58DD56512ACDCE5600367ED1 /* Book.swift */ = {isa = PBXFileReference; lastKnownFileType = sourcecode.swift; path = Book.swift; sourceTree = "<group>"; };
/* End PBXFileReference section */

/* Begin PBXFrameworksBuildPhase section */
		589CCA522A702F5A00EDB1D5 /* Frameworks */ = {
			isa = PBXFrameworksBuildPhase;
			buildActionMask = 2147483647;
			files = (
				58A6F9EE2ACAFE620082BA36 /* FirebaseAuth in Frameworks */,
				588560B52ACF663F00D17568 /* Alamofire in Frameworks */,
			);
			runOnlyForDeploymentPostprocessing = 0;
		};
/* End PBXFrameworksBuildPhase section */

/* Begin PBXGroup section */
		5813CA242ABB539200C0E6C1 /* Login */ = {
			isa = PBXGroup;
			children = (
				5813CA252ABB53E600C0E6C1 /* RegistrationVCViewController.swift */,
				58A6F9EF2ACB017B0082BA36 /* LoginViewController.swift */,
				5813CA262ABB53E600C0E6C1 /* RegistrationVCViewController.xib */,
				58A6F9F02ACB017B0082BA36 /* LoginViewController.xib */,
				588560B12ACF601100D17568 /* UserData.swift */,
			);
			name = Login;
			sourceTree = "<group>";
		};
		589CCA4C2A702F5900EDB1D5 = {
			isa = PBXGroup;
			children = (
				589CCA572A702F5A00EDB1D5 /* Post */,
				589CCA562A702F5A00EDB1D5 /* Products */,
			);
			sourceTree = "<group>";
		};
		589CCA562A702F5A00EDB1D5 /* Products */ = {
			isa = PBXGroup;
			children = (
				589CCA552A702F5A00EDB1D5 /* Post.app */,
			);
			name = Products;
			sourceTree = "<group>";
		};
		589CCA572A702F5A00EDB1D5 /* Post */ = {
			isa = PBXGroup;
			children = (
				5813CA242ABB539200C0E6C1 /* Login */,
				58A719AD2AACFD9C00A7C29E /* Library */,
				58A719B22AACFE1000A7C29E /* ChoisOfBook */,
				58A719A72AACFC9600A7C29E /* MainScreen */,
				58A719A82AACFD1F00A7C29E /* DelegateFiles */,
				58A719A62AACFC5200A7C29E /* SupportingFiles */,
			);
			path = Post;
			sourceTree = "<group>";
		};
		58A719A62AACFC5200A7C29E /* SupportingFiles */ = {
			isa = PBXGroup;
			children = (
				58B8AF5E2AC35DF300E6F2BF /* API File.swift */,
				588560B62ACF716F00D17568 /* GetJSON.swift */,
				589CCA632A702F5C00EDB1D5 /* LaunchScreen.storyboard */,
				589CCA612A702F5C00EDB1D5 /* Assets.xcassets */,
				589CCA662A702F5C00EDB1D5 /* Info.plist */,
				58A6F9EA2ACAFD2C0082BA36 /* GoogleService-Info.plist */,
			);
			name = SupportingFiles;
			sourceTree = "<group>";
		};
		58A719A72AACFC9600A7C29E /* MainScreen */ = {
			isa = PBXGroup;
			children = (
				587F89342AA280C70097C17B /* MainViewController.swift */,
				587F89352AA280C70097C17B /* MainViewController.xib */,
				58AA0C4C2ABCA38400BE1219 /* CollectionViewCell.swift */,
				58AA0C4D2ABCA38400BE1219 /* CollectionViewCell.xib */,
			);
			name = MainScreen;
			sourceTree = "<group>";
		};
		58A719A82AACFD1F00A7C29E /* DelegateFiles */ = {
			isa = PBXGroup;
			children = (
				589CCA5A2A702F5A00EDB1D5 /* SceneDelegate.swift */,
				589CCA582A702F5A00EDB1D5 /* AppDelegate.swift */,
			);
			name = DelegateFiles;
			sourceTree = "<group>";
		};
		58A719AD2AACFD9C00A7C29E /* Library */ = {
			isa = PBXGroup;
			children = (
				589CCA5E2A702F5A00EDB1D5 /* Main.storyboard */,
				58A719AE2AACFDD200A7C29E /*  LibraryViewController.swift */,
				58A719B02AACFDF200A7C29E /* PhotoCell.swift */,
				5891FE1D2AB0CCED00E77215 /* libraryViewModel.swift */,
				58DD56512ACDCE5600367ED1 /* Book.swift */,
			);
			indentWidth = 4;
			name = Library;
			sourceTree = "<group>";
			tabWidth = 4;
		};
		58A719B22AACFE1000A7C29E /* ChoisOfBook */ = {
			isa = PBXGroup;
			children = (
				58A719B32AACFE1000A7C29E /* ChoiseViewController.storyboard */,
				58A719B42AACFE1000A7C29E /* ChoiseViewController.swift */,
			);
			path = ChoisOfBook;
			sourceTree = "<group>";
		};
/* End PBXGroup section */

/* Begin PBXNativeTarget section */
		589CCA542A702F5A00EDB1D5 /* Post */ = {
			isa = PBXNativeTarget;
			buildConfigurationList = 589CCA692A702F5C00EDB1D5 /* Build configuration list for PBXNativeTarget "Post" */;
			buildPhases = (
				589CCA512A702F5A00EDB1D5 /* Sources */,
				589CCA522A702F5A00EDB1D5 /* Frameworks */,
				589CCA532A702F5A00EDB1D5 /* Resources */,
			);
			buildRules = (
			);
			dependencies = (
			);
			name = Post;
			packageProductDependencies = (
				58A6F9ED2ACAFE620082BA36 /* FirebaseAuth */,
				588560B42ACF663F00D17568 /* Alamofire */,
			);
			productName = Post;
			productReference = 589CCA552A702F5A00EDB1D5 /* Post.app */;
			productType = "com.apple.product-type.application";
		};
/* End PBXNativeTarget section */

/* Begin PBXProject section */
		589CCA4D2A702F5900EDB1D5 /* Project object */ = {
			isa = PBXProject;
			attributes = {
				BuildIndependentTargetsInParallel = 1;
				LastSwiftUpdateCheck = 1430;
				LastUpgradeCheck = 1430;
				TargetAttributes = {
					589CCA542A702F5A00EDB1D5 = {
						CreatedOnToolsVersion = 14.3;
					};
				};
			};
			buildConfigurationList = 589CCA502A702F5900EDB1D5 /* Build configuration list for PBXProject "Post" */;
			compatibilityVersion = "Xcode 14.0";
			developmentRegion = en;
			hasScannedForEncodings = 0;
			knownRegions = (
				en,
				Base,
			);
			mainGroup = 589CCA4C2A702F5900EDB1D5;
			packageReferences = (
				58A6F9EC2ACAFE620082BA36 /* XCRemoteSwiftPackageReference "firebase-ios-sdk" */,
				588560B32ACF663E00D17568 /* XCRemoteSwiftPackageReference "Alamofire" */,
			);
			productRefGroup = 589CCA562A702F5A00EDB1D5 /* Products */;
			projectDirPath = "";
			projectRoot = "";
			targets = (
				589CCA542A702F5A00EDB1D5 /* Post */,
			);
		};
/* End PBXProject section */

/* Begin PBXResourcesBuildPhase section */
		589CCA532A702F5A00EDB1D5 /* Resources */ = {
			isa = PBXResourcesBuildPhase;
			buildActionMask = 2147483647;
			files = (
				58A6F9EB2ACAFD2C0082BA36 /* GoogleService-Info.plist in Resources */,
				58AA0C4F2ABCA38400BE1219 /* CollectionViewCell.xib in Resources */,
				589CCA652A702F5C00EDB1D5 /* LaunchScreen.storyboard in Resources */,
				587F89372AA280C70097C17B /* MainViewController.xib in Resources */,
				5813CA282ABB53E600C0E6C1 /* RegistrationVCViewController.xib in Resources */,
				589CCA622A702F5C00EDB1D5 /* Assets.xcassets in Resources */,
				589CCA602A702F5A00EDB1D5 /* Main.storyboard in Resources */,
				58A6F9F22ACB017B0082BA36 /* LoginViewController.xib in Resources */,
			);
			runOnlyForDeploymentPostprocessing = 0;
		};
/* End PBXResourcesBuildPhase section */

/* Begin PBXSourcesBuildPhase section */
		589CCA512A702F5A00EDB1D5 /* Sources */ = {
			isa = PBXSourcesBuildPhase;
			buildActionMask = 2147483647;
			files = (
				588560B22ACF601100D17568 /* UserData.swift in Sources */,
				58A6F9F12ACB017B0082BA36 /* LoginViewController.swift in Sources */,
				58AA0C4E2ABCA38400BE1219 /* CollectionViewCell.swift in Sources */,
				58DD56522ACDCE5600367ED1 /* Book.swift in Sources */,
				5813CA272ABB53E600C0E6C1 /* RegistrationVCViewController.swift in Sources */,
				589CCA592A702F5A00EDB1D5 /* AppDelegate.swift in Sources */,
				58A719B12AACFDF200A7C29E /* PhotoCell.swift in Sources */,
				58B8AF5F2AC35DF300E6F2BF /* API File.swift in Sources */,
				5891FE1E2AB0CCED00E77215 /* libraryViewModel.swift in Sources */,
				587F89362AA280C70097C17B /* MainViewController.swift in Sources */,
				588560B72ACF716F00D17568 /* GetJSON.swift in Sources */,
				589CCA5B2A702F5A00EDB1D5 /* SceneDelegate.swift in Sources */,
				58A719AF2AACFDD200A7C29E /*  LibraryViewController.swift in Sources */,
				5891FE1F2AB0E47200E77215 /* ChoiseViewController.swift in Sources */,
			);
			runOnlyForDeploymentPostprocessing = 0;
		};
/* End PBXSourcesBuildPhase section */

/* Begin PBXVariantGroup section */
		589CCA5E2A702F5A00EDB1D5 /* Main.storyboard */ = {
			isa = PBXVariantGroup;
			children = (
				589CCA5F2A702F5A00EDB1D5 /* Base */,
				58A719AA2AACFD5200A7C29E /* en */,
			);
			name = Main.storyboard;
			sourceTree = "<group>";
		};
		589CCA632A702F5C00EDB1D5 /* LaunchScreen.storyboard */ = {
			isa = PBXVariantGroup;
			children = (
				589CCA642A702F5C00EDB1D5 /* Base */,
			);
			name = LaunchScreen.storyboard;
			sourceTree = "<group>";
		};
/* End PBXVariantGroup section */

/* Begin XCBuildConfiguration section */
		589CCA672A702F5C00EDB1D5 /* Debug */ = {
			isa = XCBuildConfiguration;
			buildSettings = {
				ALWAYS_SEARCH_USER_PATHS = NO;
				CLANG_ANALYZER_NONNULL = YES;
				CLANG_ANALYZER_NUMBER_OBJECT_CONVERSION = YES_AGGRESSIVE;
				CLANG_CXX_LANGUAGE_STANDARD = "gnu++20";
				CLANG_ENABLE_MODULES = YES;
				CLANG_ENABLE_OBJC_ARC = YES;
				CLANG_ENABLE_OBJC_WEAK = YES;
				CLANG_WARN_BLOCK_CAPTURE_AUTORELEASING = YES;
				CLANG_WARN_BOOL_CONVERSION = YES;
				CLANG_WARN_COMMA = YES;
				CLANG_WARN_CONSTANT_CONVERSION = YES;
				CLANG_WARN_DEPRECATED_OBJC_IMPLEMENTATIONS = YES;
				CLANG_WARN_DIRECT_OBJC_ISA_USAGE = YES_ERROR;
				CLANG_WARN_DOCUMENTATION_COMMENTS = YES;
				CLANG_WARN_EMPTY_BODY = YES;
				CLANG_WARN_ENUM_CONVERSION = YES;
				CLANG_WARN_INFINITE_RECURSION = YES;
				CLANG_WARN_INT_CONVERSION = YES;
				CLANG_WARN_NON_LITERAL_NULL_CONVERSION = YES;
				CLANG_WARN_OBJC_IMPLICIT_RETAIN_SELF = YES;
				CLANG_WARN_OBJC_LITERAL_CONVERSION = YES;
				CLANG_WARN_OBJC_ROOT_CLASS = YES_ERROR;
				CLANG_WARN_QUOTED_INCLUDE_IN_FRAMEWORK_HEADER = YES;
				CLANG_WARN_RANGE_LOOP_ANALYSIS = YES;
				CLANG_WARN_STRICT_PROTOTYPES = YES;
				CLANG_WARN_SUSPICIOUS_MOVE = YES;
				CLANG_WARN_UNGUARDED_AVAILABILITY = YES_AGGRESSIVE;
				CLANG_WARN_UNREACHABLE_CODE = YES;
				CLANG_WARN__DUPLICATE_METHOD_MATCH = YES;
				COPY_PHASE_STRIP = NO;
				DEBUG_INFORMATION_FORMAT = dwarf;
				ENABLE_STRICT_OBJC_MSGSEND = YES;
				ENABLE_TESTABILITY = YES;
				GCC_C_LANGUAGE_STANDARD = gnu11;
				GCC_DYNAMIC_NO_PIC = NO;
				GCC_NO_COMMON_BLOCKS = YES;
				GCC_OPTIMIZATION_LEVEL = 0;
				GCC_PREPROCESSOR_DEFINITIONS = (
					"DEBUG=1",
					"$(inherited)",
				);
				GCC_WARN_64_TO_32_BIT_CONVERSION = YES;
				GCC_WARN_ABOUT_RETURN_TYPE = YES_ERROR;
				GCC_WARN_UNDECLARED_SELECTOR = YES;
				GCC_WARN_UNINITIALIZED_AUTOS = YES_AGGRESSIVE;
				GCC_WARN_UNUSED_FUNCTION = YES;
				GCC_WARN_UNUSED_VARIABLE = YES;
				IPHONEOS_DEPLOYMENT_TARGET = 16.4;
				MTL_ENABLE_DEBUG_INFO = INCLUDE_SOURCE;
				MTL_FAST_MATH = YES;
				ONLY_ACTIVE_ARCH = YES;
				SDKROOT = iphoneos;
				SWIFT_ACTIVE_COMPILATION_CONDITIONS = DEBUG;
				SWIFT_OPTIMIZATION_LEVEL = "-Onone";
			};
			name = Debug;
		};
		589CCA682A702F5C00EDB1D5 /* Release */ = {
			isa = XCBuildConfiguration;
			buildSettings = {
				ALWAYS_SEARCH_USER_PATHS = NO;
				CLANG_ANALYZER_NONNULL = YES;
				CLANG_ANALYZER_NUMBER_OBJECT_CONVERSION = YES_AGGRESSIVE;
				CLANG_CXX_LANGUAGE_STANDARD = "gnu++20";
				CLANG_ENABLE_MODULES = YES;
				CLANG_ENABLE_OBJC_ARC = YES;
				CLANG_ENABLE_OBJC_WEAK = YES;
				CLANG_WARN_BLOCK_CAPTURE_AUTORELEASING = YES;
				CLANG_WARN_BOOL_CONVERSION = YES;
				CLANG_WARN_COMMA = YES;
				CLANG_WARN_CONSTANT_CONVERSION = YES;
				CLANG_WARN_DEPRECATED_OBJC_IMPLEMENTATIONS = YES;
				CLANG_WARN_DIRECT_OBJC_ISA_USAGE = YES_ERROR;
				CLANG_WARN_DOCUMENTATION_COMMENTS = YES;
				CLANG_WARN_EMPTY_BODY = YES;
				CLANG_WARN_ENUM_CONVERSION = YES;
				CLANG_WARN_INFINITE_RECURSION = YES;
				CLANG_WARN_INT_CONVERSION = YES;
				CLANG_WARN_NON_LITERAL_NULL_CONVERSION = YES;
				CLANG_WARN_OBJC_IMPLICIT_RETAIN_SELF = YES;
				CLANG_WARN_OBJC_LITERAL_CONVERSION = YES;
				CLANG_WARN_OBJC_ROOT_CLASS = YES_ERROR;
				CLANG_WARN_QUOTED_INCLUDE_IN_FRAMEWORK_HEADER = YES;
				CLANG_WARN_RANGE_LOOP_ANALYSIS = YES;
				CLANG_WARN_STRICT_PROTOTYPES = YES;
				CLANG_WARN_SUSPICIOUS_MOVE = YES;
				CLANG_WARN_UNGUARDED_AVAILABILITY = YES_AGGRESSIVE;
				CLANG_WARN_UNREACHABLE_CODE = YES;
				CLANG_WARN__DUPLICATE_METHOD_MATCH = YES;
				COPY_PHASE_STRIP = NO;
				DEBUG_INFORMATION_FORMAT = "dwarf-with-dsym";
				ENABLE_NS_ASSERTIONS = NO;
				ENABLE_STRICT_OBJC_MSGSEND = YES;
				GCC_C_LANGUAGE_STANDARD = gnu11;
				GCC_NO_COMMON_BLOCKS = YES;
				GCC_WARN_64_TO_32_BIT_CONVERSION = YES;
				GCC_WARN_ABOUT_RETURN_TYPE = YES_ERROR;
				GCC_WARN_UNDECLARED_SELECTOR = YES;
				GCC_WARN_UNINITIALIZED_AUTOS = YES_AGGRESSIVE;
				GCC_WARN_UNUSED_FUNCTION = YES;
				GCC_WARN_UNUSED_VARIABLE = YES;
				IPHONEOS_DEPLOYMENT_TARGET = 16.4;
				MTL_ENABLE_DEBUG_INFO = NO;
				MTL_FAST_MATH = YES;
				SDKROOT = iphoneos;
				SWIFT_COMPILATION_MODE = wholemodule;
				SWIFT_OPTIMIZATION_LEVEL = "-O";
				VALIDATE_PRODUCT = YES;
			};
			name = Release;
		};
		589CCA6A2A702F5C00EDB1D5 /* Debug */ = {
			isa = XCBuildConfiguration;
			buildSettings = {
				ASSETCATALOG_COMPILER_APPICON_NAME = AppIcon;
				ASSETCATALOG_COMPILER_GLOBAL_ACCENT_COLOR_NAME = AccentColor;
				CODE_SIGN_STYLE = Automatic;
				CURRENT_PROJECT_VERSION = 1;
				GENERATE_INFOPLIST_FILE = YES;
				INFOPLIST_FILE = Post/Info.plist;
				INFOPLIST_KEY_UIApplicationSupportsIndirectInputEvents = YES;
				INFOPLIST_KEY_UILaunchStoryboardName = LaunchScreen;
				INFOPLIST_KEY_UIMainStoryboardFile = Main;
				INFOPLIST_KEY_UISupportedInterfaceOrientations_iPad = "UIInterfaceOrientationPortrait UIInterfaceOrientationPortraitUpsideDown UIInterfaceOrientationLandscapeLeft UIInterfaceOrientationLandscapeRight";
				INFOPLIST_KEY_UISupportedInterfaceOrientations_iPhone = "UIInterfaceOrientationPortrait UIInterfaceOrientationLandscapeLeft UIInterfaceOrientationLandscapeRight";
				LD_RUNPATH_SEARCH_PATHS = (
					"$(inherited)",
					"@executable_path/Frameworks",
				);
				MARKETING_VERSION = 1.0;
				PRODUCT_BUNDLE_IDENTIFIER = test.Post;
				PRODUCT_NAME = "$(TARGET_NAME)";
				SWIFT_EMIT_LOC_STRINGS = YES;
				SWIFT_VERSION = 5.0;
				TARGETED_DEVICE_FAMILY = "1,2";
			};
			name = Debug;
		};
		589CCA6B2A702F5C00EDB1D5 /* Release */ = {
			isa = XCBuildConfiguration;
			buildSettings = {
				ASSETCATALOG_COMPILER_APPICON_NAME = AppIcon;
				ASSETCATALOG_COMPILER_GLOBAL_ACCENT_COLOR_NAME = AccentColor;
				CODE_SIGN_STYLE = Automatic;
				CURRENT_PROJECT_VERSION = 1;
				GENERATE_INFOPLIST_FILE = YES;
				INFOPLIST_FILE = Post/Info.plist;
				INFOPLIST_KEY_UIApplicationSupportsIndirectInputEvents = YES;
				INFOPLIST_KEY_UILaunchStoryboardName = LaunchScreen;
				INFOPLIST_KEY_UIMainStoryboardFile = Main;
				INFOPLIST_KEY_UISupportedInterfaceOrientations_iPad = "UIInterfaceOrientationPortrait UIInterfaceOrientationPortraitUpsideDown UIInterfaceOrientationLandscapeLeft UIInterfaceOrientationLandscapeRight";
				INFOPLIST_KEY_UISupportedInterfaceOrientations_iPhone = "UIInterfaceOrientationPortrait UIInterfaceOrientationLandscapeLeft UIInterfaceOrientationLandscapeRight";
				LD_RUNPATH_SEARCH_PATHS = (
					"$(inherited)",
					"@executable_path/Frameworks",
				);
				MARKETING_VERSION = 1.0;
				PRODUCT_BUNDLE_IDENTIFIER = test.Post;
				PRODUCT_NAME = "$(TARGET_NAME)";
				SWIFT_EMIT_LOC_STRINGS = YES;
				SWIFT_VERSION = 5.0;
				TARGETED_DEVICE_FAMILY = "1,2";
			};
			name = Release;
		};
/* End XCBuildConfiguration section */

/* Begin XCConfigurationList section */
		589CCA502A702F5900EDB1D5 /* Build configuration list for PBXProject "Post" */ = {
			isa = XCConfigurationList;
			buildConfigurations = (
				589CCA672A702F5C00EDB1D5 /* Debug */,
				589CCA682A702F5C00EDB1D5 /* Release */,
			);
			defaultConfigurationIsVisible = 0;
			defaultConfigurationName = Release;
		};
		589CCA692A702F5C00EDB1D5 /* Build configuration list for PBXNativeTarget "Post" */ = {
			isa = XCConfigurationList;
			buildConfigurations = (
				589CCA6A2A702F5C00EDB1D5 /* Debug */,
				589CCA6B2A702F5C00EDB1D5 /* Release */,
			);
			defaultConfigurationIsVisible = 0;
			defaultConfigurationName = Release;
		};
/* End XCConfigurationList section */

/* Begin XCRemoteSwiftPackageReference section */
		588560B32ACF663E00D17568 /* XCRemoteSwiftPackageReference "Alamofire" */ = {
			isa = XCRemoteSwiftPackageReference;
			repositoryURL = "https://github.com/Alamofire/Alamofire.git";
			requirement = {
				kind = upToNextMajorVersion;
				minimumVersion = 5.0.0;
			};
		};
		58A6F9EC2ACAFE620082BA36 /* XCRemoteSwiftPackageReference "firebase-ios-sdk" */ = {
			isa = XCRemoteSwiftPackageReference;
			repositoryURL = "https://github.com/firebase/firebase-ios-sdk";
			requirement = {
				kind = upToNextMajorVersion;
				minimumVersion = 10.0.0;
			};
		};
/* End XCRemoteSwiftPackageReference section */

/* Begin XCSwiftPackageProductDependency section */
		588560B42ACF663F00D17568 /* Alamofire */ = {
			isa = XCSwiftPackageProductDependency;
			package = 588560B32ACF663E00D17568 /* XCRemoteSwiftPackageReference "Alamofire" */;
			productName = Alamofire;
		};
		58A6F9ED2ACAFE620082BA36 /* FirebaseAuth */ = {
			isa = XCSwiftPackageProductDependency;
			package = 58A6F9EC2ACAFE620082BA36 /* XCRemoteSwiftPackageReference "firebase-ios-sdk" */;
			productName = FirebaseAuth;
		};
/* End XCSwiftPackageProductDependency section */
	};
	rootObject = 589CCA4D2A702F5900EDB1D5 /* Project object */;
}
